{
  "nodes": {
    "dpdk-lachnit-src": {
      "flake": false,
      "locked": {
        "lastModified": 1738184633,
        "narHash": "sha256-UlLUxju+Z+h0+dV2iY9m5U1xJIX/TKHr5R0kSctGdYE=",
        "ref": "v22.11-libmoon-vdpdk",
        "rev": "76384f6a0bf600df29cdf4207f7dced73cfd59d6",
        "revCount": 34502,
        "submodules": true,
        "type": "git",
        "url": "https://vmux-public-01:glpat-A1uoQxy-BNP6yYvohL4b@gitlab.lrz.de/okelmann/dpdk-lachnit.git"
      },
      "original": {
        "ref": "v22.11-libmoon-vdpdk",
        "submodules": true,
        "type": "git",
        "url": "https://vmux-public-01:glpat-A1uoQxy-BNP6yYvohL4b@gitlab.lrz.de/okelmann/dpdk-lachnit.git"
      }
    },
    "dpdk-src": {
      "flake": false,
      "locked": {
        "lastModified": 1657216509,
        "narHash": "sha256-/Ixes+4cWSsKbLhxPTg8NM2IUKrYY+jh/LHFN9RS8vk=",
        "ref": "21.11-moon-vmux",
        "rev": "1717a5465aeda0cbaa393f66e4d3176cf6b3a6c0",
        "revCount": 31525,
        "submodules": true,
        "type": "git",
        "url": "https://github.com/vmuxIO/dpdk"
      },
      "original": {
        "ref": "21.11-moon-vmux",
        "submodules": true,
        "type": "git",
        "url": "https://github.com/vmuxIO/dpdk"
      }
    },
    "dpdk-vdpdk-src": {
      "flake": false,
      "locked": {
        "lastModified": 1739128275,
        "narHash": "sha256-o3iB5htyJTx6dBTQDpX3XeXnlm8pcQxPToZpp0exHag=",
        "ref": "kreutzer-dev-22.11",
        "rev": "8c6b80e134f388797f2fa24f6ed481e1c81f23a2",
        "revCount": 34493,
        "submodules": true,
        "type": "git",
        "url": "https://github.com/vmuxIO/dpdk"
      },
      "original": {
        "ref": "kreutzer-dev-22.11",
        "submodules": true,
        "type": "git",
        "url": "https://github.com/vmuxIO/dpdk"
      }
    },
    "fastclick-src": {
      "flake": false,
      "locked": {
        "lastModified": 1715200784,
        "narHash": "sha256-z0Sto2MXXxmizjS/8NNki5adIWVX8uO3BnvwiLGzatc=",
        "ref": "refs/heads/main",
        "rev": "798c545eef6d8f65774c2b02e0310f145e7da443",
        "revCount": 12729,
        "type": "git",
        "url": "https://github.com/tbarbette/fastclick.git"
      },
      "original": {
        "type": "git",
        "url": "https://github.com/tbarbette/fastclick.git"
      }
    },
    "flake-parts": {
      "inputs": {
        "nixpkgs-lib": "nixpkgs-lib"
      },
      "locked": {
        "lastModified": 1714641030,
        "narHash": "sha256-yzcRNDoyVP7+SCNX0wmuDju1NUCt8Dz9+lyUXEI0dbI=",
        "owner": "hercules-ci",
        "repo": "flake-parts",
        "rev": "e5d10a24b66c3ea8f150e47dfdb0416ab7c3390e",
        "type": "github"
      },
      "original": {
        "owner": "hercules-ci",
        "repo": "flake-parts",
        "type": "github"
      }
    },
    "flake-utils": {
      "inputs": {
        "systems": "systems"
      },
      "locked": {
        "lastModified": 1710146030,
        "narHash": "sha256-SZ5L6eA7HJ/nmkzGG7/ISclqe6oZdOZTNoesiInkXPQ=",
        "owner": "numtide",
        "repo": "flake-utils",
        "rev": "b1d9ab70662946ef0850d488da1c9019f3a9752a",
        "type": "github"
      },
      "original": {
        "owner": "numtide",
        "repo": "flake-utils",
        "type": "github"
      }
    },
    "libmoon-lachnit-src": {
      "flake": false,
      "locked": {
        "lastModified": 1717844644,
        "narHash": "sha256-X78+YSgY/OeYe9VUZbjlotVbeGzGy3pq3bEERLCZZa8=",
        "ref": "dpdk-22.11",
        "rev": "c9397d11ec7a11e6003ed383488a4ce05118b9a6",
        "revCount": 662,
        "submodules": true,
        "type": "git",
        "url": "https://vmux-public-02:glpat-BhN7mLDVABgL_esB-o3N@gitlab.lrz.de/okelmann/libmoon-lachnit.git"
      },
      "original": {
        "ref": "dpdk-22.11",
        "submodules": true,
        "type": "git",
        "url": "https://vmux-public-02:glpat-BhN7mLDVABgL_esB-o3N@gitlab.lrz.de/okelmann/libmoon-lachnit.git"
      }
    },
    "libmoon-src": {
      "flake": false,
      "locked": {
        "lastModified": 1657216690,
        "narHash": "sha256-lbhIK6ktZdmL4yKE6/7uRL5x7Z/NFtOXSZB+hE5GpCg=",
        "ref": "dev/ice",
        "rev": "a42ed97f0a5aa81db45c29572b9ec44e4dfdadde",
        "revCount": 452,
        "submodules": true,
        "type": "git",
        "url": "https://github.com/vmuxIO/libmoon"
      },
      "original": {
        "ref": "dev/ice",
        "submodules": true,
        "type": "git",
        "url": "https://github.com/vmuxIO/libmoon"
      }
    },
    "moongen-lachnit-src": {
      "flake": false,
      "locked": {
        "lastModified": 1717844681,
        "narHash": "sha256-CsUi5ax91qUhAMffBfHtlLeUHJOy9UWCBnz/jLT5mZ0=",
        "ref": "dpdk-22.11",
        "rev": "dc033f692857ea088fa21acd4dccdfedbce10699",
        "revCount": 1530,
        "submodules": true,
        "type": "git",
        "url": "https://vmux-public-03:glpat-mzjPaHL4HHd6wmY1Ln-y@gitlab.lrz.de/okelmann/moongen-lachnit.git"
      },
      "original": {
        "ref": "dpdk-22.11",
        "submodules": true,
        "type": "git",
        "url": "https://vmux-public-03:glpat-mzjPaHL4HHd6wmY1Ln-y@gitlab.lrz.de/okelmann/moongen-lachnit.git"
      }
    },
    "moonmux-src": {
      "flake": false,
      "locked": {
        "lastModified": 1650996743,
        "narHash": "sha256-l3h58VU33AP1tWMHM2YMJMFP4A826Exkn+xyrxjJkdQ=",
        "ref": "dpdk-21.11",
        "rev": "fdd0d97a8b883159d90adad0354a4ec54a1722af",
        "revCount": 1403,
        "submodules": true,
        "type": "git",
        "url": "https://github.com/vmuxIO/MoonGen"
      },
      "original": {
        "ref": "dpdk-21.11",
        "submodules": true,
        "type": "git",
        "url": "https://github.com/vmuxIO/MoonGen"
      }
    },
    "nix-fast-build": {
      "inputs": {
        "flake-parts": "flake-parts",
        "nixpkgs": [
          "nixpkgs"
        ],
        "treefmt-nix": "treefmt-nix"
      },
      "locked": {
        "lastModified": 1715803356,
        "narHash": "sha256-wvsg/UMM/jekzgbggH56KLZJzRmwrB9ErevaXXyWyqc=",
        "owner": "Mic92",
        "repo": "nix-fast-build",
        "rev": "cfff239d93716e92f6467f8953d8f8c12da1892a",
        "type": "github"
      },
      "original": {
        "owner": "Mic92",
        "repo": "nix-fast-build",
        "type": "github"
      }
    },
    "nixlib": {
      "locked": {
        "lastModified": 1712450863,
        "narHash": "sha256-K6IkdtMtq9xktmYPj0uaYc8NsIqHuaAoRBaMgu9Fvrw=",
        "owner": "nix-community",
        "repo": "nixpkgs.lib",
        "rev": "3c62b6a12571c9a7f65ab037173ee153d539905f",
        "type": "github"
      },
      "original": {
        "owner": "nix-community",
        "repo": "nixpkgs.lib",
        "type": "github"
      }
    },
    "nixos-generators": {
      "inputs": {
        "nixlib": "nixlib",
        "nixpkgs": [
          "nixpkgs"
        ]
      },
      "locked": {
        "lastModified": 1716210724,
        "narHash": "sha256-iqQa3omRcHGpWb1ds75jS9ruA5R39FTmAkeR3J+ve1w=",
        "owner": "nix-community",
        "repo": "nixos-generators",
        "rev": "d14b286322c7f4f897ca4b1726ce38cb68596c94",
        "type": "github"
      },
      "original": {
        "owner": "nix-community",
        "repo": "nixos-generators",
        "type": "github"
      }
    },
    "nixpkgs": {
      "locked": {
        "lastModified": 1716509168,
        "narHash": "sha256-4zSIhSRRIoEBwjbPm3YiGtbd8HDWzFxJjw5DYSDy1n8=",
        "owner": "NixOS",
        "repo": "nixpkgs",
        "rev": "bfb7a882678e518398ce9a31a881538679f6f092",
        "type": "github"
      },
      "original": {
        "owner": "NixOS",
        "ref": "nixos-unstable",
        "repo": "nixpkgs",
        "type": "github"
      }
    },
    "nixpkgs-2111": {
      "locked": {
        "lastModified": 1659446231,
        "narHash": "sha256-hekabNdTdgR/iLsgce5TGWmfIDZ86qjPhxDg/8TlzhE=",
        "owner": "NixOS",
        "repo": "nixpkgs",
        "rev": "eabc38219184cc3e04a974fe31857d8e0eac098d",
        "type": "github"
      },
      "original": {
        "owner": "NixOS",
        "ref": "nixos-21.11",
        "repo": "nixpkgs",
        "type": "github"
      }
    },
    "nixpkgs-2211": {
      "locked": {
        "lastModified": 1688392541,
        "narHash": "sha256-lHrKvEkCPTUO+7tPfjIcb7Trk6k31rz18vkyqmkeJfY=",
        "owner": "NixOS",
        "repo": "nixpkgs",
        "rev": "ea4c80b39be4c09702b0cb3b42eab59e2ba4f24b",
        "type": "github"
      },
      "original": {
        "owner": "NixOS",
        "ref": "nixos-22.11",
        "repo": "nixpkgs",
        "type": "github"
      }
    },
    "nixpkgs-lib": {
      "locked": {
        "lastModified": 1714640452,
        "narHash": "sha256-QBx10+k6JWz6u7VsohfSw8g8hjdBZEf8CFzXH1/1Z94=",
        "type": "tarball",
        "url": "https://github.com/NixOS/nixpkgs/archive/50eb7ecf4cd0a5756d7275c8ba36790e5bd53e33.tar.gz"
      },
      "original": {
        "type": "tarball",
        "url": "https://github.com/NixOS/nixpkgs/archive/50eb7ecf4cd0a5756d7275c8ba36790e5bd53e33.tar.gz"
      }
    },
    "qemu-ioregionfd-src": {
      "flake": false,
      "locked": {
        "lastModified": 1672802334,
        "narHash": "sha256-q2tzcFMuZbrug+B0eQ9YkW4rnh/idVTBzAaWox2/I30=",
        "ref": "ioregionfd",
        "rev": "8eee73f75751834395e88c165059e93f18c7a024",
        "revCount": 92069,
        "submodules": true,
        "type": "git",
        "url": "https://github.com/vmuxIO/qemu.git"
      },
      "original": {
        "ref": "ioregionfd",
        "submodules": true,
        "type": "git",
        "url": "https://github.com/vmuxIO/qemu.git"
      }
    },
    "root": {
      "inputs": {
        "dpdk-lachnit-src": "dpdk-lachnit-src",
        "dpdk-src": "dpdk-src",
        "dpdk-vdpdk-src": "dpdk-vdpdk-src",
        "fastclick-src": "fastclick-src",
        "flake-utils": "flake-utils",
        "libmoon-lachnit-src": "libmoon-lachnit-src",
        "libmoon-src": "libmoon-src",
        "moongen-lachnit-src": "moongen-lachnit-src",
        "moonmux-src": "moonmux-src",
        "nix-fast-build": "nix-fast-build",
        "nixos-generators": "nixos-generators",
        "nixpkgs": "nixpkgs",
        "nixpkgs-2111": "nixpkgs-2111",
        "nixpkgs-2211": "nixpkgs-2211",
        "qemu-ioregionfd-src": "qemu-ioregionfd-src",
        "xdp-reflector-src": "xdp-reflector-src"
      }
    },
    "systems": {
      "locked": {
        "lastModified": 1681028828,
        "narHash": "sha256-Vy1rq5AaRuLzOxct8nz4T6wlgyUR7zLU309k9mBC768=",
        "owner": "nix-systems",
        "repo": "default",
        "rev": "da67096a3b9bf56a91d16901293e51ba5b49a27e",
        "type": "github"
      },
      "original": {
        "owner": "nix-systems",
        "repo": "default",
        "type": "github"
      }
    },
    "treefmt-nix": {
      "inputs": {
        "nixpkgs": [
          "nix-fast-build",
          "nixpkgs"
        ]
      },
      "locked": {
        "lastModified": 1714058656,
        "narHash": "sha256-Qv4RBm4LKuO4fNOfx9wl40W2rBbv5u5m+whxRYUMiaA=",
        "owner": "numtide",
        "repo": "treefmt-nix",
        "rev": "c6aaf729f34a36c445618580a9f95a48f5e4e03f",
        "type": "github"
      },
      "original": {
        "owner": "numtide",
        "repo": "treefmt-nix",
        "type": "github"
      }
    },
    "xdp-reflector-src": {
      "flake": false,
      "locked": {
        "lastModified": 1720031325,
        "narHash": "sha256-4Oe1FvPdjoNFheueE+o2KM9POB+3ZjNglwDTpEHIDIk=",
        "ref": "main",
        "rev": "a411d17516ba9b43d8b4eb27aca1a110dce76af1",
        "revCount": 16,
        "submodules": true,
        "type": "git",
        "url": "https://github.com/vmuxIO/xdp-reflector"
      },
      "original": {
        "ref": "main",
        "submodules": true,
        "type": "git",
        "url": "https://github.com/vmuxIO/xdp-reflector"
      }
    }
  },
  "root": "root",
  "version": 7
}
