{
  "nodes": {
    "dpdk-lachnit-src": {
      "flake": false,
      "locked": {
        "lastModified": 1646735640,
        "narHash": "sha256-g65k3r4za29oFCyeo8hsI252X3c0j3aRS5agNyPyQnE=",
        "ref": "v21.11-libmoon",
        "rev": "879972416009a428432d50bcdec037a7ebe05c63",
        "revCount": 31118,
        "submodules": true,
        "type": "git",
        "url": "https://public-access:glpat-ye-ZjvZJzssBRhYmoemC@gitlab.lrz.de/okelmann/dpdk-lachnit.git"
      },
      "original": {
        "ref": "v21.11-libmoon",
        "submodules": true,
        "type": "git",
        "url": "https://public-access:glpat-ye-ZjvZJzssBRhYmoemC@gitlab.lrz.de/okelmann/dpdk-lachnit.git"
      }
    },
    "dpdk-src": {
      "flake": false,
      "locked": {
        "lastModified": 1657216509,
        "narHash": "sha256-/Ixes+4cWSsKbLhxPTg8NM2IUKrYY+jh/LHFN9RS8vk=",
        "ref": "21.11-moon-vmux",
        "rev": "1717a5465aeda0cbaa393f66e4d3176cf6b3a6c0",
        "revCount": 31525,
        "submodules": true,
        "type": "git",
        "url": "https://github.com/vmuxIO/dpdk"
      },
      "original": {
        "ref": "21.11-moon-vmux",
        "submodules": true,
        "type": "git",
        "url": "https://github.com/vmuxIO/dpdk"
      }
    },
    "flake-utils": {
      "locked": {
        "lastModified": 1667077288,
        "narHash": "sha256-bdC8sFNDpT0HK74u9fUkpbf1MEzVYJ+ka7NXCdgBoaA=",
        "owner": "numtide",
        "repo": "flake-utils",
        "rev": "6ee9ebb6b1ee695d2cacc4faa053a7b9baa76817",
        "type": "github"
      },
      "original": {
        "owner": "numtide",
        "repo": "flake-utils",
        "type": "github"
      }
    },
    "libmoon-lachnit-src": {
      "flake": false,
      "locked": {
        "lastModified": 1667227091,
        "narHash": "sha256-cLR+7SWruMAK6dbQy/fS2yUbKiWfClAIfSk3QEW4mZE=",
        "ref": "dpdk-21.11",
        "rev": "73bdbda1beef6b8177428b76d3f44ea75a9753fa",
        "revCount": 621,
        "submodules": true,
        "type": "git",
        "url": "https://public-access:glpat-xnmZ-yizTjswVRBsjtDS@gitlab.lrz.de/okelmann/libmoon-lachnit.git"
      },
      "original": {
        "ref": "dpdk-21.11",
        "submodules": true,
        "type": "git",
        "url": "https://public-access:glpat-xnmZ-yizTjswVRBsjtDS@gitlab.lrz.de/okelmann/libmoon-lachnit.git"
      }
    },
    "libmoon-src": {
      "flake": false,
      "locked": {
        "lastModified": 1657216690,
        "narHash": "sha256-lbhIK6ktZdmL4yKE6/7uRL5x7Z/NFtOXSZB+hE5GpCg=",
        "ref": "dev/ice",
        "rev": "a42ed97f0a5aa81db45c29572b9ec44e4dfdadde",
        "revCount": 452,
        "submodules": true,
        "type": "git",
        "url": "https://github.com/vmuxIO/libmoon"
      },
      "original": {
        "ref": "dev/ice",
        "submodules": true,
        "type": "git",
        "url": "https://github.com/vmuxIO/libmoon"
      }
    },
    "moongen-lachnit-src": {
      "flake": false,
      "locked": {
        "lastModified": 1667223296,
        "narHash": "sha256-fkkT4n+mDndiszt7guQfbIPFIp83rXGFEDF3epnbtGo=",
        "ref": "master",
        "rev": "5cfb6d1e62fdd8e014d845a3eb36cdfdd1eeb9b7",
        "revCount": 1461,
        "submodules": true,
        "type": "git",
        "url": "https://public-access:glpat-G8kFYA45GcDP-oR-oyDj@gitlab.lrz.de/okelmann/moongen-lachnit.git"
      },
      "original": {
        "ref": "master",
        "submodules": true,
        "type": "git",
        "url": "https://public-access:glpat-G8kFYA45GcDP-oR-oyDj@gitlab.lrz.de/okelmann/moongen-lachnit.git"
      }
    },
    "moonmux-src": {
      "flake": false,
      "locked": {
        "lastModified": 1650996743,
        "narHash": "sha256-l3h58VU33AP1tWMHM2YMJMFP4A826Exkn+xyrxjJkdQ=",
        "ref": "dpdk-21.11",
        "rev": "fdd0d97a8b883159d90adad0354a4ec54a1722af",
        "revCount": 1403,
        "submodules": true,
        "type": "git",
        "url": "https://github.com/vmuxIO/MoonGen"
      },
      "original": {
        "ref": "dpdk-21.11",
        "submodules": true,
        "type": "git",
        "url": "https://github.com/vmuxIO/MoonGen"
      }
    },
    "nixlib": {
      "locked": {
        "lastModified": 1636849918,
        "narHash": "sha256-nzUK6dPcTmNVrgTAC1EOybSMsrcx+QrVPyqRdyKLkjA=",
        "owner": "nix-community",
        "repo": "nixpkgs.lib",
        "rev": "28a5b0557f14124608db68d3ee1f77e9329e9dd5",
        "type": "github"
      },
      "original": {
        "owner": "nix-community",
        "repo": "nixpkgs.lib",
        "type": "github"
      }
    },
    "nixos-generators": {
      "inputs": {
        "nixlib": "nixlib",
        "nixpkgs": [
          "nixpkgs"
        ]
      },
      "locked": {
        "lastModified": 1666812839,
        "narHash": "sha256-0nBDgjPU+iDsvz89W+cDEyhnFGSwCJmwDl/gMGqYiU0=",
        "owner": "nix-community",
        "repo": "nixos-generators",
        "rev": "41f3518bc194389df22a3d198215eae75e6b5ab9",
        "type": "github"
      },
      "original": {
        "owner": "nix-community",
        "repo": "nixos-generators",
        "type": "github"
      }
    },
    "nixpkgs": {
      "locked": {
        "lastModified": 1666961615,
        "narHash": "sha256-+Sqz6zQA85Q14U/KwsJO386oxd47zDte8dqBGOtRJGg=",
        "owner": "NixOS",
        "repo": "nixpkgs",
        "rev": "040c6d8374d090f46ab0e99f1f7c27a4529ecffd",
        "type": "github"
      },
      "original": {
        "owner": "NixOS",
        "ref": "nixos-22.05",
        "repo": "nixpkgs",
        "type": "github"
      }
    },
    "root": {
      "inputs": {
        "dpdk-lachnit-src": "dpdk-lachnit-src",
        "dpdk-src": "dpdk-src",
        "flake-utils": "flake-utils",
        "libmoon-lachnit-src": "libmoon-lachnit-src",
        "libmoon-src": "libmoon-src",
        "moongen-lachnit-src": "moongen-lachnit-src",
        "moonmux-src": "moonmux-src",
        "nixos-generators": "nixos-generators",
        "nixpkgs": "nixpkgs",
        "xdp-reflector": "xdp-reflector"
      }
    },
    "xdp-reflector": {
      "flake": false,
      "locked": {
        "lastModified": 1666444048,
        "narHash": "sha256-OSxZJBYqdP2AICHhT/DeTyQl5MM9Sy6YzXPk0DeMs3Y=",
        "ref": "main",
        "rev": "e60f72c90c6cbc49a8d57e42ac3ddcf762d6cbdb",
        "revCount": 13,
        "submodules": true,
        "type": "git",
        "url": "https://github.com/gierens/xdp-reflector"
      },
      "original": {
        "ref": "main",
        "submodules": true,
        "type": "git",
        "url": "https://github.com/gierens/xdp-reflector"
      }
    }
  },
  "root": "root",
  "version": 7
}
